<?xml version="1.0" encoding="utf-8"?>
<Project ToolsVersion="4.0" xmlns="http://schemas.microsoft.com/developer/msbuild/2003">
  <ItemGroup>
    <Filter Include="Source Files">
      <UniqueIdentifier>{4FC737F1-C7A5-4376-A066-2A32D752A2FF}</UniqueIdentifier>
      <Extensions>cpp;c;cc;cxx;c++;cppm;ixx;def;odl;idl;hpj;bat;asm;asmx</Extensions>
    </Filter>
    <Filter Include="Header Files">
      <UniqueIdentifier>{93995380-89BD-4b04-88EB-625FBE52EBFB}</UniqueIdentifier>
      <Extensions>h;hh;hpp;hxx;h++;hm;inl;inc;ipp;xsd</Extensions>
    </Filter>
    <Filter Include="Resource Files">
      <UniqueIdentifier>{67DA6AB6-F800-4c08-8B7A-83BB121AAD01}</UniqueIdentifier>
      <Extensions>rc;ico;cur;bmp;dlg;rc2;rct;bin;rgs;gif;jpg;jpeg;jpe;resx;tiff;tif;png;wav;mfcribbon-ms</Extensions>
    </Filter>
  </ItemGroup>
  <ItemGroup>
    <ClInclude Include="Source\framework.h">
      <Filter>Header Files</Filter>
    </ClInclude>
    <ClInclude Include="Source\pch.h">
      <Filter>Header Files</Filter>
    </ClInclude>
    <ClInclude Include="Source\Blankets\rot19\rot19.h">
      <Filter>Header Files</Filter>
    </ClInclude>
    <ClInclude Include="Source\Server\Core\Core.h">
      <Filter>Header Files</Filter>
    </ClInclude>
    <ClInclude Include="Source\Types\Types.h">
      <Filter>Header Files</Filter>
    </ClInclude>
    <ClInclude Include="Source\Server\ConnectionManager\SessionHandleing\WorkerPool\ThreadPool.h">
      <Filter>Header Files</Filter>
    </ClInclude>
    <ClInclude Include="Source\Server\ConnectionManager\ConnectionManager.h">
      <Filter>Header Files</Filter>
    </ClInclude>
    <ClInclude Include="Source\Server\ConnectionManager\SessionHandleing\SessionHandlerCommon\SessionHandlerCommon.h">
      <Filter>Header Files</Filter>
    </ClInclude>
    <ClInclude Include="Source\Events\ErrorHandling\ErrorHandling.h">
      <Filter>Header Files</Filter>
    </ClInclude>
    <ClInclude Include="Source\Protocols\FTP\FTP.h">
      <Filter>Header Files</Filter>
    </ClInclude>
    <ClInclude Include="Source\Server\config.h">
      <Filter>Header Files</Filter>
    </ClInclude>
    <ClInclude Include="Source\Server\ConnectionManager\SessionHandleing\WorkerPool\Worker\Worker.h">
      <Filter>Header Files</Filter>
    </ClInclude>
    <ClInclude Include="Source\Utilities\SocketEvents.h">
      <Filter>Header Files</Filter>
    </ClInclude>
    <ClInclude Include="Source\Server\ConnectionManager\config.h">
      <Filter>Header Files</Filter>
    </ClInclude>
    <ClInclude Include="Source\Server\Core\config.h">
      <Filter>Header Files</Filter>
    </ClInclude>
    <ClInclude Include="Source\Server\ConnectionManager\SessionHandleing\WorkerPool\config.h">
      <Filter>Header Files</Filter>
    </ClInclude>
    <ClInclude Include="Source\Protocols\FTP\config.h">
      <Filter>Header Files</Filter>
    </ClInclude>
    <ClInclude Include="Source\Utilities\SocketOperations\SocketOperations.h">
      <Filter>Header Files</Filter>
    </ClInclude>
    <ClInclude Include="Source\Protocols\FTP\FileTransfer\FileTransferOperations.h">
      <Filter>Header Files</Filter>
    </ClInclude>
    <ClInclude Include="Source\Types\FileTypes.h">
      <Filter>Header Files</Filter>
    </ClInclude>
    <ClInclude Include="Source\Utilities\FileOperations\FileOperations.h">
      <Filter>Header Files</Filter>
    </ClInclude>
    <ClInclude Include="EventHandleing.h">
      <Filter>Header Files</Filter>
    </ClInclude>
    <ClInclude Include="Source\Events\Exceptions\SocketOperationExceptions.h">
      <Filter>Header Files</Filter>
    </ClInclude>
    <ClInclude Include="Source\Events\Exceptions\ServerCoreExceptions.h">
      <Filter>Header Files</Filter>
    </ClInclude>
    <ClInclude Include="Source\Events\Exceptions\ConnectionManagerExceptions.h">
      <Filter>Header Files</Filter>
    </ClInclude>
    <ClInclude Include="Source\Events\Exceptions\WorkerPoolExceptions.h">
      <Filter>Header Files</Filter>
    </ClInclude>
    <ClInclude Include="Source\Events\Exceptions\FileTransferHandlerExceptions.h">
      <Filter>Header Files</Filter>
    </ClInclude>
    <ClInclude Include="Source\Events\EventHandleing\EventHandling.h">
      <Filter>Header Files</Filter>
    </ClInclude>
    <ClInclude Include="Source\Events\Logger\Logger.h">
      <Filter>Header Files</Filter>
    </ClInclude>
    <ClInclude Include="Source\Helpers\OperationHelper\OperationHelper.h">
      <Filter>Header Files</Filter>
    </ClInclude>
    <ClInclude Include="Source\Protocols\FTP\CommandManager\CommandManager.h">
      <Filter>Header Files</Filter>
    </ClInclude>
    <ClInclude Include="Source\Protocols\FTP\CommandManager\CommandAssociateFunctions\CommandAssociateFunctions.h">
      <Filter>Header Files</Filter>
    </ClInclude>
    <ClInclude Include="Source\Protocols\FTP\CommandManager\Commands.h">
      <Filter>Header Files</Filter>
    </ClInclude>
  </ItemGroup>
  <ItemGroup>
    <ClCompile Include="NetworkLib.cpp">
      <Filter>Source Files</Filter>
    </ClCompile>
    <ClCompile Include="Source\pch.cpp">
      <Filter>Source Files</Filter>
    </ClCompile>
    <ClCompile Include="Source\Blankets\rot19\rot19.cpp">
      <Filter>Source Files</Filter>
    </ClCompile>
    <ClCompile Include="Source\Server\Core\Core.cpp">
      <Filter>Source Files</Filter>
    </ClCompile>
    <ClCompile Include="Source\Server\ConnectionManager\SessionHandleing\WorkerPool\ThreadPool.cpp">
      <Filter>Source Files</Filter>
    </ClCompile>
    <ClCompile Include="Source\Server\ConnectionManager\SessionHandleing\Session\Session.h">
      <Filter>Source Files</Filter>
    </ClCompile>
    <ClCompile Include="Source\Server\ConnectionManager\ConnectionManager.cpp">
      <Filter>Source Files</Filter>
    </ClCompile>
    <ClCompile Include="Source\Server\ConnectionManager\SessionHandleing\SessionHandlerCommon\SessionHandlerCommon.cpp">
      <Filter>Source Files</Filter>
    </ClCompile>
    <ClCompile Include="Source\Events\ErrorHandling\ErrorHandling.cpp">
      <Filter>Source Files</Filter>
    </ClCompile>
    <ClCompile Include="Source\Protocols\FTP\FTP.cpp">
      <Filter>Source Files</Filter>
    </ClCompile>
    <ClCompile Include="Source\Utilities\GetIP.cpp">
      <Filter>Source Files</Filter>
    </ClCompile>
    <ClCompile Include="Source\Server\ConnectionManager\SessionHandleing\WorkerPool\Worker\Worker.cpp">
      <Filter>Source Files</Filter>
    </ClCompile>
    <ClCompile Include="Source\Server\ConnectionManager\SessionHandleing\Session\Session.cpp">
      <Filter>Source Files</Filter>
    </ClCompile>
    <ClCompile Include="Source\Utilities\SocketUtils.h">
      <Filter>Source Files</Filter>
    </ClCompile>
    <ClCompile Include="Source\Utilities\SocketOperations\SocketOperations.cpp">
      <Filter>Source Files</Filter>
    </ClCompile>
    <ClCompile Include="Source\Protocols\FTP\FileTransfer\FileTransferOperations.cpp">
      <Filter>Source Files</Filter>
    </ClCompile>
    <ClCompile Include="Source\Utilities\FileOperations\FileOperations.cpp">
      <Filter>Source Files</Filter>
    </ClCompile>
    <ClCompile Include="Source\Events\EventHandleing\EventHandling.cpp">
      <Filter>Source Files</Filter>
    </ClCompile>
    <ClCompile Include="Source\Events\Exceptions\NetworkOperationExceptions.h">
      <Filter>Source Files</Filter>
    </ClCompile>
    <ClCompile Include="Source\Events\Exceptions\FileOperationExceptions.h">
      <Filter>Source Files</Filter>
    </ClCompile>
    <ClCompile Include="Source\Events\Exceptions\SessionHandlingExceptions.h">
      <Filter>Source Files</Filter>
    </ClCompile>
    <ClCompile Include="Source\Events\Logger\OstreamLogger.h">
      <Filter>Source Files</Filter>
    </ClCompile>
    <ClCompile Include="Source\Helpers\OperationHelper\OperationHelper.cpp">
      <Filter>Source Files</Filter>
    </ClCompile>
    <ClCompile Include="Source\Protocols\FTP\CommandManager\CommandManager.cpp">
      <Filter>Source Files</Filter>
    </ClCompile>
    <ClCompile Include="Source\Protocols\FTP\CommandManager\ICommand.h">
      <Filter>Source Files</Filter>
    </ClCompile>
    <ClCompile Include="Source\Protocols\FTP\CommandManager\CommandAssociateFunctions\CommandAssociateFunctions.cpp">
      <Filter>Source Files</Filter>
    </ClCompile>
  </ItemGroup>
  <ItemGroup>
    <Text Include="header_template.txt" />
  </ItemGroup>
</Project>